
Microsoft Visual Studio Solution File, Format Version 12.00
# Visual Studio Version 17
VisualStudioVersion = 17.9.34607.119
MinimumVisualStudioVersion = 10.0.40219.1
Project("{2150E333-8FDC-42A3-9474-1A3956D46DE8}") = "patterns", "patterns", "{756CCE74-1829-41DB-9C42-7101D45DD594}"
	ProjectSection(SolutionItems) = preProject
		Directory.Build.props = Directory.Build.props
		patterns\SourceProjectPattern.props = patterns\SourceProjectPattern.props
		patterns\TestProjectPattern.props = patterns\TestProjectPattern.props
	EndProjectSection
EndProject
Project("{2150E333-8FDC-42A3-9474-1A3956D46DE8}") = "src", "src", "{E492EEB7-B424-4EB6-BAAD-7CF839F6205B}"
	ProjectSection(SolutionItems) = preProject
		src\Directory.Build.props = src\Directory.Build.props
		src\Directory.Packages.props = src\Directory.Packages.props
	EndProjectSection
EndProject
Project("{2150E333-8FDC-42A3-9474-1A3956D46DE8}") = "tests", "tests", "{96290698-E2DC-4B6F-9DE4-DB44254BABCF}"
	ProjectSection(SolutionItems) = preProject
		tests\Directory.Build.props = tests\Directory.Build.props
		tests\Directory.Packages.props = tests\Directory.Packages.props
	EndProjectSection
EndProject
Project("{9A19103F-16F7-4668-BE54-9A1E7A4F7556}") = "Drawing.Host", "src\Drawing.Host\Drawing.Host.csproj", "{DE18DC58-A42D-49D9-892D-5FD5B0680470}"
EndProject
Project("{2150E333-8FDC-42A3-9474-1A3956D46DE8}") = "Solution Items", "Solution Items", "{66623410-3884-4CFA-8911-0DCCD268B59D}"
	ProjectSection(SolutionItems) = preProject
		README.md = README.md
	EndProjectSection
EndProject
Project("{9A19103F-16F7-4668-BE54-9A1E7A4F7556}") = "Drawing.Abstractions", "src\Drawing.Abstractions\Drawing.Abstractions.csproj", "{95D62977-D528-428E-A918-865E0364CDDD}"
EndProject
Project("{9A19103F-16F7-4668-BE54-9A1E7A4F7556}") = "Drawing.Abstractions.Test.Unit", "tests\Drawing.Abstractions.Test.Unit\Drawing.Abstractions.Test.Unit.csproj", "{C0E5302B-FF0C-48BD-AA7B-1FB948752572}"
EndProject
Global
	GlobalSection(SolutionConfigurationPlatforms) = preSolution
		Debug|Any CPU = Debug|Any CPU
		Release|Any CPU = Release|Any CPU
	EndGlobalSection
	GlobalSection(ProjectConfigurationPlatforms) = postSolution
		{DE18DC58-A42D-49D9-892D-5FD5B0680470}.Debug|Any CPU.ActiveCfg = Debug|Any CPU
		{DE18DC58-A42D-49D9-892D-5FD5B0680470}.Debug|Any CPU.Build.0 = Debug|Any CPU
		{DE18DC58-A42D-49D9-892D-5FD5B0680470}.Release|Any CPU.ActiveCfg = Release|Any CPU
		{DE18DC58-A42D-49D9-892D-5FD5B0680470}.Release|Any CPU.Build.0 = Release|Any CPU
		{95D62977-D528-428E-A918-865E0364CDDD}.Debug|Any CPU.ActiveCfg = Debug|Any CPU
		{95D62977-D528-428E-A918-865E0364CDDD}.Debug|Any CPU.Build.0 = Debug|Any CPU
		{95D62977-D528-428E-A918-865E0364CDDD}.Release|Any CPU.ActiveCfg = Release|Any CPU
		{95D62977-D528-428E-A918-865E0364CDDD}.Release|Any CPU.Build.0 = Release|Any CPU
		{C0E5302B-FF0C-48BD-AA7B-1FB948752572}.Debug|Any CPU.ActiveCfg = Debug|Any CPU
		{C0E5302B-FF0C-48BD-AA7B-1FB948752572}.Debug|Any CPU.Build.0 = Debug|Any CPU
		{C0E5302B-FF0C-48BD-AA7B-1FB948752572}.Release|Any CPU.ActiveCfg = Release|Any CPU
		{C0E5302B-FF0C-48BD-AA7B-1FB948752572}.Release|Any CPU.Build.0 = Release|Any CPU
	EndGlobalSection
	GlobalSection(SolutionProperties) = preSolution
		HideSolutionNode = FALSE
	EndGlobalSection
	GlobalSection(NestedProjects) = preSolution
		{DE18DC58-A42D-49D9-892D-5FD5B0680470} = {E492EEB7-B424-4EB6-BAAD-7CF839F6205B}
		{95D62977-D528-428E-A918-865E0364CDDD} = {E492EEB7-B424-4EB6-BAAD-7CF839F6205B}
		{C0E5302B-FF0C-48BD-AA7B-1FB948752572} = {96290698-E2DC-4B6F-9DE4-DB44254BABCF}
	EndGlobalSection
	GlobalSection(ExtensibilityGlobals) = postSolution
		SolutionGuid = {51F6EB5A-0150-4157-8F84-45FF2C519C6E}
	EndGlobalSection
EndGlobal
